
Microsoft Visual Studio Solution File, Format Version 12.00
# Visual Studio Version 17
VisualStudioVersion = 17.0.31903.59
MinimumVisualStudioVersion = 10.0.40219.1
Project("{FAE04EC0-301F-11D3-BF4B-00C04F79EFBC}") = "Account", "Account\Account.csproj", "{A78CD5DF-1FF9-4A14-A78F-7AED668C98A4}"
EndProject
Project("{FAE04EC0-301F-11D3-BF4B-00C04F79EFBC}") = "BankAccount", "BankAccount\BankAccount.csproj", "{4A462DDE-D798-4818-BB68-2116834B0035}"
EndProject
Project("{FAE04EC0-301F-11D3-BF4B-00C04F79EFBC}") = "EnergyDrinks", "EnergyDrinks\EnergyDrinks.csproj", "{7FCC007C-DD8E-40D3-9080-690E3A5BCACE}"
EndProject
Project("{FAE04EC0-301F-11D3-BF4B-00C04F79EFBC}") = "FuelConsumptionCalculator", "FuelConsumptionCalculator\FuelConsumptionCalculator.csproj", "{8CFA0561-C4D0-4419-AC65-C90E0AF2C6FC}"
EndProject
Project("{FAE04EC0-301F-11D3-BF4B-00C04F79EFBC}") = "VideoStore", "VideoStore\VideoStore.csproj", "{40352489-4287-4C39-879A-55BB1A9ED983}"
EndProject
Project("{9A19103F-16F7-4668-BE54-9A1E7A4F7556}") = "Exercise1", "Exercise1\Exercise1.csproj", "{FA34503A-73CC-42D7-9386-69BAE0D63866}"
EndProject
Project("{9A19103F-16F7-4668-BE54-9A1E7A4F7556}") = "Exercise3", "Exercise3\Exercise3.csproj", "{C8BA9177-6911-4434-AD68-45DE35117882}"
EndProject
Project("{9A19103F-16F7-4668-BE54-9A1E7A4F7556}") = "Exercise4", "Exercise4\Exercise4.csproj", "{337A2AA5-491A-4C82-9AAA-0E4D81FF9020}"
EndProject
Project("{9A19103F-16F7-4668-BE54-9A1E7A4F7556}") = "Exercise6", "Exercise6\Exercise6.csproj", "{209306D2-44F0-45E7-A7B2-9C01F806A561}"
EndProject
Project("{9A19103F-16F7-4668-BE54-9A1E7A4F7556}") = "Exercise7", "Exercise7\Exercise7.csproj", "{347DCD6C-4926-4A59-B413-99781B5A003F}"
EndProject
Project("{9A19103F-16F7-4668-BE54-9A1E7A4F7556}") = "Exercise8", "Exercise8\Exercise8.csproj", "{556B3554-8F7A-4294-ACB2-A98AFBEA2BE1}"
EndProject
Project("{9A19103F-16F7-4668-BE54-9A1E7A4F7556}") = "Exercise12", "Exercise12\Exercise12.csproj", "{1AE27254-3A3F-4977-AB48-E915CAAC2506}"
EndProject
Project("{FAE04EC0-301F-11D3-BF4B-00C04F79EFBC}") = "Exercise13", "Exercise13\Exercise13.csproj", "{0B944785-3D4E-4D79-BA01-AA18344AE44B}"
EndProject
Global
	GlobalSection(SolutionConfigurationPlatforms) = preSolution
		Debug|Any CPU = Debug|Any CPU
		Release|Any CPU = Release|Any CPU
	EndGlobalSection
	GlobalSection(ProjectConfigurationPlatforms) = postSolution
		{A78CD5DF-1FF9-4A14-A78F-7AED668C98A4}.Debug|Any CPU.ActiveCfg = Debug|Any CPU
		{A78CD5DF-1FF9-4A14-A78F-7AED668C98A4}.Debug|Any CPU.Build.0 = Debug|Any CPU
		{A78CD5DF-1FF9-4A14-A78F-7AED668C98A4}.Release|Any CPU.ActiveCfg = Release|Any CPU
		{A78CD5DF-1FF9-4A14-A78F-7AED668C98A4}.Release|Any CPU.Build.0 = Release|Any CPU
		{4A462DDE-D798-4818-BB68-2116834B0035}.Debug|Any CPU.ActiveCfg = Debug|Any CPU
		{4A462DDE-D798-4818-BB68-2116834B0035}.Debug|Any CPU.Build.0 = Debug|Any CPU
		{4A462DDE-D798-4818-BB68-2116834B0035}.Release|Any CPU.ActiveCfg = Release|Any CPU
		{4A462DDE-D798-4818-BB68-2116834B0035}.Release|Any CPU.Build.0 = Release|Any CPU
		{7FCC007C-DD8E-40D3-9080-690E3A5BCACE}.Debug|Any CPU.ActiveCfg = Debug|Any CPU
		{7FCC007C-DD8E-40D3-9080-690E3A5BCACE}.Debug|Any CPU.Build.0 = Debug|Any CPU
		{7FCC007C-DD8E-40D3-9080-690E3A5BCACE}.Release|Any CPU.ActiveCfg = Release|Any CPU
		{7FCC007C-DD8E-40D3-9080-690E3A5BCACE}.Release|Any CPU.Build.0 = Release|Any CPU
		{8CFA0561-C4D0-4419-AC65-C90E0AF2C6FC}.Debug|Any CPU.ActiveCfg = Debug|Any CPU
		{8CFA0561-C4D0-4419-AC65-C90E0AF2C6FC}.Debug|Any CPU.Build.0 = Debug|Any CPU
		{8CFA0561-C4D0-4419-AC65-C90E0AF2C6FC}.Release|Any CPU.ActiveCfg = Release|Any CPU
		{8CFA0561-C4D0-4419-AC65-C90E0AF2C6FC}.Release|Any CPU.Build.0 = Release|Any CPU
		{40352489-4287-4C39-879A-55BB1A9ED983}.Debug|Any CPU.ActiveCfg = Debug|Any CPU
		{40352489-4287-4C39-879A-55BB1A9ED983}.Debug|Any CPU.Build.0 = Debug|Any CPU
		{40352489-4287-4C39-879A-55BB1A9ED983}.Release|Any CPU.ActiveCfg = Release|Any CPU
		{40352489-4287-4C39-879A-55BB1A9ED983}.Release|Any CPU.Build.0 = Release|Any CPU
		{FA34503A-73CC-42D7-9386-69BAE0D63866}.Debug|Any CPU.ActiveCfg = Debug|Any CPU
		{FA34503A-73CC-42D7-9386-69BAE0D63866}.Debug|Any CPU.Build.0 = Debug|Any CPU
		{FA34503A-73CC-42D7-9386-69BAE0D63866}.Release|Any CPU.ActiveCfg = Release|Any CPU
		{FA34503A-73CC-42D7-9386-69BAE0D63866}.Release|Any CPU.Build.0 = Release|Any CPU
		{C8BA9177-6911-4434-AD68-45DE35117882}.Debug|Any CPU.ActiveCfg = Debug|Any CPU
		{C8BA9177-6911-4434-AD68-45DE35117882}.Debug|Any CPU.Build.0 = Debug|Any CPU
		{C8BA9177-6911-4434-AD68-45DE35117882}.Release|Any CPU.ActiveCfg = Release|Any CPU
		{C8BA9177-6911-4434-AD68-45DE35117882}.Release|Any CPU.Build.0 = Release|Any CPU
		{337A2AA5-491A-4C82-9AAA-0E4D81FF9020}.Debug|Any CPU.ActiveCfg = Debug|Any CPU
		{337A2AA5-491A-4C82-9AAA-0E4D81FF9020}.Debug|Any CPU.Build.0 = Debug|Any CPU
		{337A2AA5-491A-4C82-9AAA-0E4D81FF9020}.Release|Any CPU.ActiveCfg = Release|Any CPU
		{337A2AA5-491A-4C82-9AAA-0E4D81FF9020}.Release|Any CPU.Build.0 = Release|Any CPU
		{209306D2-44F0-45E7-A7B2-9C01F806A561}.Debug|Any CPU.ActiveCfg = Debug|Any CPU
		{209306D2-44F0-45E7-A7B2-9C01F806A561}.Debug|Any CPU.Build.0 = Debug|Any CPU
		{209306D2-44F0-45E7-A7B2-9C01F806A561}.Release|Any CPU.ActiveCfg = Release|Any CPU
		{209306D2-44F0-45E7-A7B2-9C01F806A561}.Release|Any CPU.Build.0 = Release|Any CPU
		{347DCD6C-4926-4A59-B413-99781B5A003F}.Debug|Any CPU.ActiveCfg = Debug|Any CPU
		{347DCD6C-4926-4A59-B413-99781B5A003F}.Debug|Any CPU.Build.0 = Debug|Any CPU
		{347DCD6C-4926-4A59-B413-99781B5A003F}.Release|Any CPU.ActiveCfg = Release|Any CPU
		{347DCD6C-4926-4A59-B413-99781B5A003F}.Release|Any CPU.Build.0 = Release|Any CPU
		{556B3554-8F7A-4294-ACB2-A98AFBEA2BE1}.Debug|Any CPU.ActiveCfg = Debug|Any CPU
		{556B3554-8F7A-4294-ACB2-A98AFBEA2BE1}.Debug|Any CPU.Build.0 = Debug|Any CPU
		{556B3554-8F7A-4294-ACB2-A98AFBEA2BE1}.Release|Any CPU.ActiveCfg = Release|Any CPU
		{556B3554-8F7A-4294-ACB2-A98AFBEA2BE1}.Release|Any CPU.Build.0 = Release|Any CPU
		{1AE27254-3A3F-4977-AB48-E915CAAC2506}.Debug|Any CPU.ActiveCfg = Debug|Any CPU
		{1AE27254-3A3F-4977-AB48-E915CAAC2506}.Debug|Any CPU.Build.0 = Debug|Any CPU
		{1AE27254-3A3F-4977-AB48-E915CAAC2506}.Release|Any CPU.ActiveCfg = Release|Any CPU
		{1AE27254-3A3F-4977-AB48-E915CAAC2506}.Release|Any CPU.Build.0 = Release|Any CPU
		{0B944785-3D4E-4D79-BA01-AA18344AE44B}.Debug|Any CPU.ActiveCfg = Debug|Any CPU
		{0B944785-3D4E-4D79-BA01-AA18344AE44B}.Debug|Any CPU.Build.0 = Debug|Any CPU
		{0B944785-3D4E-4D79-BA01-AA18344AE44B}.Release|Any CPU.ActiveCfg = Release|Any CPU
		{0B944785-3D4E-4D79-BA01-AA18344AE44B}.Release|Any CPU.Build.0 = Release|Any CPU
	EndGlobalSection
	GlobalSection(SolutionProperties) = preSolution
		HideSolutionNode = FALSE
	EndGlobalSection
	GlobalSection(ExtensibilityGlobals) = postSolution
		SolutionGuid = {57C5E787-AAEA-41CC-BD12-4A66023D0568}
	EndGlobalSection
EndGlobal
